// !$*UTF8*$!
{
	archiveVersion = 1;
	classes = {
	};
	objectVersion = 46;
	objects = {

/* Begin PBXBuildFile section */
		17A805EAE9261C7CCFAFDE60 /* Pods_Lolita.framework in Frameworks */ = {isa = PBXBuildFile; fileRef = 987BAEE1664F2047AA884005 /* Pods_Lolita.framework */; settings = {ATTRIBUTES = (Weak, ); }; };
		6A0A0F8C1BADC1AA001EBF98 /* ShotCell.swift in Sources */ = {isa = PBXBuildFile; fileRef = 6A0A0F8A1BADC1AA001EBF98 /* ShotCell.swift */; settings = {ASSET_TAGS = (); }; };
		6A0A0F8D1BADC1AA001EBF98 /* ShotCell.xib in Resources */ = {isa = PBXBuildFile; fileRef = 6A0A0F8B1BADC1AA001EBF98 /* ShotCell.xib */; settings = {ASSET_TAGS = (); }; };
		6A0A0F911BADC958001EBF98 /* DribbbleAPIService.swift in Sources */ = {isa = PBXBuildFile; fileRef = 6A0A0F901BADC958001EBF98 /* DribbbleAPIService.swift */; settings = {ASSET_TAGS = (); }; };
		6A0A0F931BADD19A001EBF98 /* DribbbleModel.swift in Sources */ = {isa = PBXBuildFile; fileRef = 6A0A0F921BADD19A001EBF98 /* DribbbleModel.swift */; settings = {ASSET_TAGS = (); }; };
		6A0A0F951BADD365001EBF98 /* ShotsDelegateAndDataSource.swift in Sources */ = {isa = PBXBuildFile; fileRef = 6A0A0F941BADD365001EBF98 /* ShotsDelegateAndDataSource.swift */; settings = {ASSET_TAGS = (); }; };
		6A0A0F971BADD52A001EBF98 /* DribbbleFlowLayout.swift in Sources */ = {isa = PBXBuildFile; fileRef = 6A0A0F961BADD52A001EBF98 /* DribbbleFlowLayout.swift */; settings = {ASSET_TAGS = (); }; };
		6AAC00041BAD98FD00190C0D /* AppDelegate.swift in Sources */ = {isa = PBXBuildFile; fileRef = 6AAC00031BAD98FD00190C0D /* AppDelegate.swift */; };
		6AAC00061BAD98FD00190C0D /* ViewController.swift in Sources */ = {isa = PBXBuildFile; fileRef = 6AAC00051BAD98FD00190C0D /* ViewController.swift */; };
		6AAC00091BAD98FD00190C0D /* Main.storyboard in Resources */ = {isa = PBXBuildFile; fileRef = 6AAC00071BAD98FD00190C0D /* Main.storyboard */; };
		6AAC000C1BAD98FD00190C0D /* Lolita.xcdatamodeld in Sources */ = {isa = PBXBuildFile; fileRef = 6AAC000A1BAD98FD00190C0D /* Lolita.xcdatamodeld */; };
		6AAC000E1BAD98FD00190C0D /* Assets.xcassets in Resources */ = {isa = PBXBuildFile; fileRef = 6AAC000D1BAD98FD00190C0D /* Assets.xcassets */; };
		6AAC00111BAD98FD00190C0D /* LaunchScreen.storyboard in Resources */ = {isa = PBXBuildFile; fileRef = 6AAC000F1BAD98FD00190C0D /* LaunchScreen.storyboard */; };
		6AAC00191BADA5E500190C0D /* LolitaService.swift in Sources */ = {isa = PBXBuildFile; fileRef = 6AAC00181BADA5E500190C0D /* LolitaService.swift */; settings = {ASSET_TAGS = (); }; };
		6AAC001C1BADBBDC00190C0D /* HomeStatesMechine.swift in Sources */ = {isa = PBXBuildFile; fileRef = 6AAC001B1BADBBDC00190C0D /* HomeStatesMechine.swift */; settings = {ASSET_TAGS = (); }; };
		6AE73C8C1BAEDF9000D4B487 /* ShotComment.html in Resources */ = {isa = PBXBuildFile; fileRef = 6AE73C8A1BAEDF9000D4B487 /* ShotComment.html */; settings = {ASSET_TAGS = (); }; };
		6AE73C8D1BAEDF9000D4B487 /* Shot.html in Resources */ = {isa = PBXBuildFile; fileRef = 6AE73C8B1BAEDF9000D4B487 /* Shot.html */; settings = {ASSET_TAGS = (); }; };
		6AE73C921BAEF0E800D4B487 /* Infinity_black.png in Resources */ = {isa = PBXBuildFile; fileRef = 6AE73C911BAEF0E800D4B487 /* Infinity_black.png */; settings = {ASSET_TAGS = (); }; };
		6AE73C941BAEF48200D4B487 /* ShotCellScrollDelegate.swift in Sources */ = {isa = PBXBuildFile; fileRef = 6AE73C931BAEF48200D4B487 /* ShotCellScrollDelegate.swift */; settings = {ASSET_TAGS = (); }; };
/* End PBXBuildFile section */

/* Begin PBXFileReference section */
		6A0A0F8A1BADC1AA001EBF98 /* ShotCell.swift */ = {isa = PBXFileReference; fileEncoding = 4; lastKnownFileType = sourcecode.swift; name = ShotCell.swift; path = Cell/ShotCell.swift; sourceTree = "<group>"; };
		6A0A0F8B1BADC1AA001EBF98 /* ShotCell.xib */ = {isa = PBXFileReference; fileEncoding = 4; lastKnownFileType = file.xib; name = ShotCell.xib; path = Cell/ShotCell.xib; sourceTree = "<group>"; };
		6A0A0F901BADC958001EBF98 /* DribbbleAPIService.swift */ = {isa = PBXFileReference; fileEncoding = 4; lastKnownFileType = sourcecode.swift; path = DribbbleAPIService.swift; sourceTree = "<group>"; };
		6A0A0F921BADD19A001EBF98 /* DribbbleModel.swift */ = {isa = PBXFileReference; fileEncoding = 4; lastKnownFileType = sourcecode.swift; path = DribbbleModel.swift; sourceTree = "<group>"; };
		6A0A0F941BADD365001EBF98 /* ShotsDelegateAndDataSource.swift */ = {isa = PBXFileReference; fileEncoding = 4; lastKnownFileType = sourcecode.swift; path = ShotsDelegateAndDataSource.swift; sourceTree = "<group>"; };
		6A0A0F961BADD52A001EBF98 /* DribbbleFlowLayout.swift */ = {isa = PBXFileReference; fileEncoding = 4; lastKnownFileType = sourcecode.swift; path = DribbbleFlowLayout.swift; sourceTree = "<group>"; };
		6A0A0FA31BADF1E6001EBF98 /* Lolita-Bridge.h */ = {isa = PBXFileReference; fileEncoding = 4; lastKnownFileType = sourcecode.c.h; path = "Lolita-Bridge.h"; sourceTree = SOURCE_ROOT; };
		6AAC00001BAD98FD00190C0D /* Lolita.app */ = {isa = PBXFileReference; explicitFileType = wrapper.application; includeInIndex = 0; path = Lolita.app; sourceTree = BUILT_PRODUCTS_DIR; };
		6AAC00031BAD98FD00190C0D /* AppDelegate.swift */ = {isa = PBXFileReference; lastKnownFileType = sourcecode.swift; path = AppDelegate.swift; sourceTree = "<group>"; };
		6AAC00051BAD98FD00190C0D /* ViewController.swift */ = {isa = PBXFileReference; lastKnownFileType = sourcecode.swift; path = ViewController.swift; sourceTree = "<group>"; };
		6AAC00081BAD98FD00190C0D /* Base */ = {isa = PBXFileReference; lastKnownFileType = file.storyboard; name = Base; path = Base.lproj/Main.storyboard; sourceTree = "<group>"; };
		6AAC000B1BAD98FD00190C0D /* Lolita.xcdatamodel */ = {isa = PBXFileReference; lastKnownFileType = wrapper.xcdatamodel; path = Lolita.xcdatamodel; sourceTree = "<group>"; };
		6AAC000D1BAD98FD00190C0D /* Assets.xcassets */ = {isa = PBXFileReference; lastKnownFileType = folder.assetcatalog; path = Assets.xcassets; sourceTree = "<group>"; };
		6AAC00101BAD98FD00190C0D /* Base */ = {isa = PBXFileReference; lastKnownFileType = file.storyboard; name = Base; path = Base.lproj/LaunchScreen.storyboard; sourceTree = "<group>"; };
		6AAC00121BAD98FD00190C0D /* Info.plist */ = {isa = PBXFileReference; lastKnownFileType = text.plist.xml; path = Info.plist; sourceTree = "<group>"; };
		6AAC00181BADA5E500190C0D /* LolitaService.swift */ = {isa = PBXFileReference; fileEncoding = 4; lastKnownFileType = sourcecode.swift; name = LolitaService.swift; path = Service/LolitaService.swift; sourceTree = "<group>"; };
		6AAC001B1BADBBDC00190C0D /* HomeStatesMechine.swift */ = {isa = PBXFileReference; fileEncoding = 4; lastKnownFileType = sourcecode.swift; path = HomeStatesMechine.swift; sourceTree = "<group>"; };
		6AE73C8A1BAEDF9000D4B487 /* ShotComment.html */ = {isa = PBXFileReference; fileEncoding = 4; lastKnownFileType = text.html; path = ShotComment.html; sourceTree = "<group>"; };
		6AE73C8B1BAEDF9000D4B487 /* Shot.html */ = {isa = PBXFileReference; fileEncoding = 4; lastKnownFileType = text.html; path = Shot.html; sourceTree = "<group>"; };
		6AE73C911BAEF0E800D4B487 /* Infinity_black.png */ = {isa = PBXFileReference; lastKnownFileType = image.png; path = Infinity_black.png; sourceTree = "<group>"; };
		6AE73C931BAEF48200D4B487 /* ShotCellScrollDelegate.swift */ = {isa = PBXFileReference; fileEncoding = 4; lastKnownFileType = sourcecode.swift; name = ShotCellScrollDelegate.swift; path = Cell/ShotCellScrollDelegate.swift; sourceTree = "<group>"; };
		987BAEE1664F2047AA884005 /* Pods_Lolita.framework */ = {isa = PBXFileReference; explicitFileType = wrapper.framework; includeInIndex = 0; path = Pods_Lolita.framework; sourceTree = BUILT_PRODUCTS_DIR; };
		D598DEAE487748593220B67E /* Pods-Lolita.release.xcconfig */ = {isa = PBXFileReference; includeInIndex = 1; lastKnownFileType = text.xcconfig; name = "Pods-Lolita.release.xcconfig"; path = "Pods/Target Support Files/Pods-Lolita/Pods-Lolita.release.xcconfig"; sourceTree = "<group>"; };
		ECF0F7FA9D3279FCF2D53EEA /* Pods-Lolita.debug.xcconfig */ = {isa = PBXFileReference; includeInIndex = 1; lastKnownFileType = text.xcconfig; name = "Pods-Lolita.debug.xcconfig"; path = "Pods/Target Support Files/Pods-Lolita/Pods-Lolita.debug.xcconfig"; sourceTree = "<group>"; };
/* End PBXFileReference section */

/* Begin PBXFrameworksBuildPhase section */
		6AACFFFD1BAD98FD00190C0D /* Frameworks */ = {
			isa = PBXFrameworksBuildPhase;
			buildActionMask = 2147483647;
			files = (
				17A805EAE9261C7CCFAFDE60 /* Pods_Lolita.framework in Frameworks */,
			);
			runOnlyForDeploymentPostprocessing = 0;
		};
/* End PBXFrameworksBuildPhase section */

/* Begin PBXGroup section */
		6A0A0F891BADC187001EBF98 /* Home */ = {
			isa = PBXGroup;
			children = (
				6AAC00051BAD98FD00190C0D /* ViewController.swift */,
				6AAC001B1BADBBDC00190C0D /* HomeStatesMechine.swift */,
				6A0A0F941BADD365001EBF98 /* ShotsDelegateAndDataSource.swift */,
			);
			name = Home;
			sourceTree = "<group>";
		};
		6A0A0F8E1BADC1AF001EBF98 /* Shot */ = {
			isa = PBXGroup;
			children = (
				6A0A0F8A1BADC1AA001EBF98 /* ShotCell.swift */,
				6A0A0F8B1BADC1AA001EBF98 /* ShotCell.xib */,
				6AE73C931BAEF48200D4B487 /* ShotCellScrollDelegate.swift */,
			);
			name = Shot;
			sourceTree = "<group>";
		};
		6A0A0F8F1BADC1B3001EBF98 /* Cell */ = {
			isa = PBXGroup;
			children = (
				6A0A0F8E1BADC1AF001EBF98 /* Shot */,
			);
			name = Cell;
			sourceTree = "<group>";
		};
		6AAC00011BAD98FD00190C0D /* Products */ = {
			isa = PBXGroup;
			children = (
				6AAC00001BAD98FD00190C0D /* Lolita.app */,
			);
			name = Products;
			sourceTree = "<group>";
		};
		6AAC00021BAD98FD00190C0D /* Lolita */ = {
			isa = PBXGroup;
			children = (
				6AE73C8E1BAEDF9300D4B487 /* Templates */,
				6A0A0FA31BADF1E6001EBF98 /* Lolita-Bridge.h */,
				6AAC00031BAD98FD00190C0D /* AppDelegate.swift */,
				6A0A0F961BADD52A001EBF98 /* DribbbleFlowLayout.swift */,
				6A0A0F891BADC187001EBF98 /* Home */,
				6AAC00071BAD98FD00190C0D /* Main.storyboard */,
				6AAC000D1BAD98FD00190C0D /* Assets.xcassets */,
				6AAC000F1BAD98FD00190C0D /* LaunchScreen.storyboard */,
				6AAC00121BAD98FD00190C0D /* Info.plist */,
				6AAC000A1BAD98FD00190C0D /* Lolita.xcdatamodeld */,
				6AAC001A1BADA5E800190C0D /* Service */,
				6A0A0F8F1BADC1B3001EBF98 /* Cell */,
			);
			path = Lolita;
			sourceTree = "<group>";
		};
		6AAC001A1BADA5E800190C0D /* Service */ = {
			isa = PBXGroup;
			children = (
				6AAC00181BADA5E500190C0D /* LolitaService.swift */,
				6A0A0F901BADC958001EBF98 /* DribbbleAPIService.swift */,
				6A0A0F921BADD19A001EBF98 /* DribbbleModel.swift */,
			);
			name = Service;
			sourceTree = "<group>";
		};
		6AACFFF71BAD98FD00190C0D = {
			isa = PBXGroup;
			children = (
				6AAC00021BAD98FD00190C0D /* Lolita */,
				6AAC00011BAD98FD00190C0D /* Products */,
				D576880A5664D36AEE6E60B6 /* Pods */,
				7382A34F6032215C4A540FD1 /* Frameworks */,
			);
			sourceTree = "<group>";
		};
		6AE73C8E1BAEDF9300D4B487 /* Templates */ = {
			isa = PBXGroup;
			children = (
				6AE73C911BAEF0E800D4B487 /* Infinity_black.png */,
				6AE73C8A1BAEDF9000D4B487 /* ShotComment.html */,
				6AE73C8B1BAEDF9000D4B487 /* Shot.html */,
			);
			name = Templates;
			sourceTree = "<group>";
		};
		7382A34F6032215C4A540FD1 /* Frameworks */ = {
			isa = PBXGroup;
			children = (
				987BAEE1664F2047AA884005 /* Pods_Lolita.framework */,
			);
			name = Frameworks;
			sourceTree = "<group>";
		};
		D576880A5664D36AEE6E60B6 /* Pods */ = {
			isa = PBXGroup;
			children = (
				ECF0F7FA9D3279FCF2D53EEA /* Pods-Lolita.debug.xcconfig */,
				D598DEAE487748593220B67E /* Pods-Lolita.release.xcconfig */,
			);
			name = Pods;
			sourceTree = "<group>";
		};
/* End PBXGroup section */

/* Begin PBXNativeTarget section */
		6AACFFFF1BAD98FD00190C0D /* Lolita */ = {
			isa = PBXNativeTarget;
			buildConfigurationList = 6AAC00151BAD98FD00190C0D /* Build configuration list for PBXNativeTarget "Lolita" */;
			buildPhases = (
				ACF8B1F3EDA2275929CA9CE7 /* Check Pods Manifest.lock */,
				6AACFFFC1BAD98FD00190C0D /* Sources */,
				6AACFFFD1BAD98FD00190C0D /* Frameworks */,
				6AACFFFE1BAD98FD00190C0D /* Resources */,
				13DC8DD38FB913655913C3DF /* Embed Pods Frameworks */,
				13859EB55D57BB58AAC2DD3D /* Copy Pods Resources */,
			);
			buildRules = (
			);
			dependencies = (
			);
			name = Lolita;
			productName = Lolita;
			productReference = 6AAC00001BAD98FD00190C0D /* Lolita.app */;
			productType = "com.apple.product-type.application";
		};
/* End PBXNativeTarget section */

/* Begin PBXProject section */
		6AACFFF81BAD98FD00190C0D /* Project object */ = {
			isa = PBXProject;
			attributes = {
				LastUpgradeCheck = 0700;
				ORGANIZATIONNAME = zhowkevin;
				TargetAttributes = {
					6AACFFFF1BAD98FD00190C0D = {
						CreatedOnToolsVersion = 7.0;
						DevelopmentTeam = ZF6B5F34CY;
					};
				};
			};
			buildConfigurationList = 6AACFFFB1BAD98FD00190C0D /* Build configuration list for PBXProject "Lolita" */;
			compatibilityVersion = "Xcode 3.2";
			developmentRegion = English;
			hasScannedForEncodings = 0;
			knownRegions = (
				en,
				Base,
			);
			mainGroup = 6AACFFF71BAD98FD00190C0D;
			productRefGroup = 6AAC00011BAD98FD00190C0D /* Products */;
			projectDirPath = "";
			projectRoot = "";
			targets = (
				6AACFFFF1BAD98FD00190C0D /* Lolita */,
			);
		};
/* End PBXProject section */

/* Begin PBXResourcesBuildPhase section */
		6AACFFFE1BAD98FD00190C0D /* Resources */ = {
			isa = PBXResourcesBuildPhase;
			buildActionMask = 2147483647;
			files = (
				6AE73C8C1BAEDF9000D4B487 /* ShotComment.html in Resources */,
				6AAC00111BAD98FD00190C0D /* LaunchScreen.storyboard in Resources */,
				6AE73C8D1BAEDF9000D4B487 /* Shot.html in Resources */,
				6AAC000E1BAD98FD00190C0D /* Assets.xcassets in Resources */,
				6AAC00091BAD98FD00190C0D /* Main.storyboard in Resources */,
				6AE73C921BAEF0E800D4B487 /* Infinity_black.png in Resources */,
				6A0A0F8D1BADC1AA001EBF98 /* ShotCell.xib in Resources */,
			);
			runOnlyForDeploymentPostprocessing = 0;
		};
/* End PBXResourcesBuildPhase section */

/* Begin PBXShellScriptBuildPhase section */
		13859EB55D57BB58AAC2DD3D /* Copy Pods Resources */ = {
			isa = PBXShellScriptBuildPhase;
			buildActionMask = 2147483647;
			files = (
			);
			inputPaths = (
			);
			name = "Copy Pods Resources";
			outputPaths = (
			);
			runOnlyForDeploymentPostprocessing = 0;
			shellPath = /bin/sh;
			shellScript = "\"${SRCROOT}/Pods/Target Support Files/Pods-Lolita/Pods-Lolita-resources.sh\"\n";
			showEnvVarsInLog = 0;
		};
		13DC8DD38FB913655913C3DF /* Embed Pods Frameworks */ = {
			isa = PBXShellScriptBuildPhase;
			buildActionMask = 2147483647;
			files = (
			);
			inputPaths = (
			);
			name = "Embed Pods Frameworks";
			outputPaths = (
			);
			runOnlyForDeploymentPostprocessing = 0;
			shellPath = /bin/sh;
			shellScript = "\"${SRCROOT}/Pods/Target Support Files/Pods-Lolita/Pods-Lolita-frameworks.sh\"\n";
			showEnvVarsInLog = 0;
		};
		ACF8B1F3EDA2275929CA9CE7 /* Check Pods Manifest.lock */ = {
			isa = PBXShellScriptBuildPhase;
			buildActionMask = 2147483647;
			files = (
			);
			inputPaths = (
			);
			name = "Check Pods Manifest.lock";
			outputPaths = (
			);
			runOnlyForDeploymentPostprocessing = 0;
			shellPath = /bin/sh;
			shellScript = "diff \"${PODS_ROOT}/../Podfile.lock\" \"${PODS_ROOT}/Manifest.lock\" > /dev/null\nif [[ $? != 0 ]] ; then\n    cat << EOM\nerror: The sandbox is not in sync with the Podfile.lock. Run 'pod install' or update your CocoaPods installation.\nEOM\n    exit 1\nfi\n";
			showEnvVarsInLog = 0;
		};
/* End PBXShellScriptBuildPhase section */

/* Begin PBXSourcesBuildPhase section */
		6AACFFFC1BAD98FD00190C0D /* Sources */ = {
			isa = PBXSourcesBuildPhase;
			buildActionMask = 2147483647;
			files = (
				6A0A0F911BADC958001EBF98 /* DribbbleAPIService.swift in Sources */,
				6AAC00191BADA5E500190C0D /* LolitaService.swift in Sources */,
				6A0A0F8C1BADC1AA001EBF98 /* ShotCell.swift in Sources */,
				6A0A0F951BADD365001EBF98 /* ShotsDelegateAndDataSource.swift in Sources */,
				6AAC001C1BADBBDC00190C0D /* HomeStatesMechine.swift in Sources */,
				6A0A0F971BADD52A001EBF98 /* DribbbleFlowLayout.swift in Sources */,
				6AAC00061BAD98FD00190C0D /* ViewController.swift in Sources */,
				6A0A0F931BADD19A001EBF98 /* DribbbleModel.swift in Sources */,
				6AAC000C1BAD98FD00190C0D /* Lolita.xcdatamodeld in Sources */,
				6AAC00041BAD98FD00190C0D /* AppDelegate.swift in Sources */,
				6AE73C941BAEF48200D4B487 /* ShotCellScrollDelegate.swift in Sources */,
			);
			runOnlyForDeploymentPostprocessing = 0;
		};
/* End PBXSourcesBuildPhase section */

/* Begin PBXVariantGroup section */
		6AAC00071BAD98FD00190C0D /* Main.storyboard */ = {
			isa = PBXVariantGroup;
			children = (
				6AAC00081BAD98FD00190C0D /* Base */,
			);
			name = Main.storyboard;
			sourceTree = "<group>";
		};
		6AAC000F1BAD98FD00190C0D /* LaunchScreen.storyboard */ = {
			isa = PBXVariantGroup;
			children = (
				6AAC00101BAD98FD00190C0D /* Base */,
			);
			name = LaunchScreen.storyboard;
			sourceTree = "<group>";
		};
/* End PBXVariantGroup section */

/* Begin XCBuildConfiguration section */
		6AAC00131BAD98FD00190C0D /* Debug */ = {
			isa = XCBuildConfiguration;
			buildSettings = {
				ALWAYS_SEARCH_USER_PATHS = NO;
				CLANG_CXX_LANGUAGE_STANDARD = "gnu++0x";
				CLANG_CXX_LIBRARY = "libc++";
				CLANG_ENABLE_MODULES = YES;
				CLANG_ENABLE_OBJC_ARC = YES;
				CLANG_WARN_BOOL_CONVERSION = YES;
				CLANG_WARN_CONSTANT_CONVERSION = YES;
				CLANG_WARN_DIRECT_OBJC_ISA_USAGE = YES_ERROR;
				CLANG_WARN_EMPTY_BODY = YES;
				CLANG_WARN_ENUM_CONVERSION = YES;
				CLANG_WARN_INT_CONVERSION = YES;
				CLANG_WARN_OBJC_ROOT_CLASS = YES_ERROR;
				CLANG_WARN_UNREACHABLE_CODE = YES;
				CLANG_WARN__DUPLICATE_METHOD_MATCH = YES;
				"CODE_SIGN_IDENTITY[sdk=iphoneos*]" = "iPhone Developer";
				COPY_PHASE_STRIP = NO;
				DEBUG_INFORMATION_FORMAT = dwarf;
				ENABLE_STRICT_OBJC_MSGSEND = YES;
				ENABLE_TESTABILITY = YES;
				GCC_C_LANGUAGE_STANDARD = gnu99;
				GCC_DYNAMIC_NO_PIC = NO;
				GCC_NO_COMMON_BLOCKS = YES;
				GCC_OPTIMIZATION_LEVEL = 0;
				GCC_PREPROCESSOR_DEFINITIONS = (
					"DEBUG=1",
					"$(inherited)",
				);
				GCC_WARN_64_TO_32_BIT_CONVERSION = YES;
				GCC_WARN_ABOUT_RETURN_TYPE = YES_ERROR;
				GCC_WARN_UNDECLARED_SELECTOR = YES;
				GCC_WARN_UNINITIALIZED_AUTOS = YES_AGGRESSIVE;
				GCC_WARN_UNUSED_FUNCTION = YES;
				GCC_WARN_UNUSED_VARIABLE = YES;
				IPHONEOS_DEPLOYMENT_TARGET = 9.0;
				MTL_ENABLE_DEBUG_INFO = YES;
				ONLY_ACTIVE_ARCH = YES;
				SDKROOT = iphoneos;
				SWIFT_OPTIMIZATION_LEVEL = "-Onone";
			};
			name = Debug;
		};
		6AAC00141BAD98FD00190C0D /* Release */ = {
			isa = XCBuildConfiguration;
			buildSettings = {
				ALWAYS_SEARCH_USER_PATHS = NO;
				CLANG_CXX_LANGUAGE_STANDARD = "gnu++0x";
				CLANG_CXX_LIBRARY = "libc++";
				CLANG_ENABLE_MODULES = YES;
				CLANG_ENABLE_OBJC_ARC = YES;
				CLANG_WARN_BOOL_CONVERSION = YES;
				CLANG_WARN_CONSTANT_CONVERSION = YES;
				CLANG_WARN_DIRECT_OBJC_ISA_USAGE = YES_ERROR;
				CLANG_WARN_EMPTY_BODY = YES;
				CLANG_WARN_ENUM_CONVERSION = YES;
				CLANG_WARN_INT_CONVERSION = YES;
				CLANG_WARN_OBJC_ROOT_CLASS = YES_ERROR;
				CLANG_WARN_UNREACHABLE_CODE = YES;
				CLANG_WARN__DUPLICATE_METHOD_MATCH = YES;
				"CODE_SIGN_IDENTITY[sdk=iphoneos*]" = "iPhone Developer";
				COPY_PHASE_STRIP = NO;
				DEBUG_INFORMATION_FORMAT = "dwarf-with-dsym";
				ENABLE_NS_ASSERTIONS = NO;
				ENABLE_STRICT_OBJC_MSGSEND = YES;
				GCC_C_LANGUAGE_STANDARD = gnu99;
				GCC_NO_COMMON_BLOCKS = YES;
				GCC_WARN_64_TO_32_BIT_CONVERSION = YES;
				GCC_WARN_ABOUT_RETURN_TYPE = YES_ERROR;
				GCC_WARN_UNDECLARED_SELECTOR = YES;
				GCC_WARN_UNINITIALIZED_AUTOS = YES_AGGRESSIVE;
				GCC_WARN_UNUSED_FUNCTION = YES;
				GCC_WARN_UNUSED_VARIABLE = YES;
				IPHONEOS_DEPLOYMENT_TARGET = 9.0;
				MTL_ENABLE_DEBUG_INFO = NO;
				SDKROOT = iphoneos;
				VALIDATE_PRODUCT = YES;
			};
			name = Release;
		};
		6AAC00161BAD98FD00190C0D /* Debug */ = {
			isa = XCBuildConfiguration;
			baseConfigurationReference = ECF0F7FA9D3279FCF2D53EEA /* Pods-Lolita.debug.xcconfig */;
			buildSettings = {
				ASSETCATALOG_COMPILER_APPICON_NAME = AppIcon;
				CODE_SIGN_IDENTITY = "iPhone Developer";
				"CODE_SIGN_IDENTITY[sdk=iphoneos*]" = "iPhone Developer";
				INFOPLIST_FILE = Lolita/Info.plist;
				IPHONEOS_DEPLOYMENT_TARGET = 8.0;
				LD_RUNPATH_SEARCH_PATHS = "$(inherited) @executable_path/Frameworks";
				PRODUCT_BUNDLE_IDENTIFIER = kevinzhow.Lolita;
				PRODUCT_NAME = "$(TARGET_NAME)";
				PROVISIONING_PROFILE = "";
				SWIFT_OBJC_BRIDGING_HEADER = "Lolita-Bridge.h";
			};
			name = Debug;
		};
		6AAC00171BAD98FD00190C0D /* Release */ = {
			isa = XCBuildConfiguration;
			baseConfigurationReference = D598DEAE487748593220B67E /* Pods-Lolita.release.xcconfig */;
			buildSettings = {
				ASSETCATALOG_COMPILER_APPICON_NAME = AppIcon;
				CODE_SIGN_IDENTITY = "iPhone Developer";
				"CODE_SIGN_IDENTITY[sdk=iphoneos*]" = "iPhone Developer";
				INFOPLIST_FILE = Lolita/Info.plist;
				IPHONEOS_DEPLOYMENT_TARGET = 8.0;
				LD_RUNPATH_SEARCH_PATHS = "$(inherited) @executable_path/Frameworks";
				PRODUCT_BUNDLE_IDENTIFIER = kevinzhow.Lolita;
				PRODUCT_NAME = "$(TARGET_NAME)";
				PROVISIONING_PROFILE = "";
				SWIFT_OBJC_BRIDGING_HEADER = "Lolita-Bridge.h";
			};
			name = Release;
		};
/* End XCBuildConfiguration section */

/* Begin XCConfigurationList section */
		6AAC00151BAD98FD00190C0D /* Build configuration list for PBXNativeTarget "Lolita" */ = {
			isa = XCConfigurationList;
			buildConfigurations = (
				6AAC00161BAD98FD00190C0D /* Debug */,
				6AAC00171BAD98FD00190C0D /* Release */,
			);
			defaultConfigurationIsVisible = 0;
			defaultConfigurationName = Release;
		};
		6AACFFFB1BAD98FD00190C0D /* Build configuration list for PBXProject "Lolita" */ = {
			isa = XCConfigurationList;
			buildConfigurations = (
				6AAC00131BAD98FD00190C0D /* Debug */,
				6AAC00141BAD98FD00190C0D /* Release */,
			);
			defaultConfigurationIsVisible = 0;
			defaultConfigurationName = Release;
		};
/* End XCConfigurationList section */

/* Begin XCVersionGroup section */
		6AAC000A1BAD98FD00190C0D /* Lolita.xcdatamodeld */ = {
			isa = XCVersionGroup;
			children = (
				6AAC000B1BAD98FD00190C0D /* Lolita.xcdatamodel */,
			);
			currentVersion = 6AAC000B1BAD98FD00190C0D /* Lolita.xcdatamodel */;
			path = Lolita.xcdatamodeld;
			sourceTree = "<group>";
			versionGroupType = wrapper.xcdatamodel;
		};
/* End XCVersionGroup section */
	};
	rootObject = 6AACFFF81BAD98FD00190C0D /* Project object */;
}
